// !$*UTF8*$!
{
	archiveVersion = 1;
	classes = {
	};
	objectVersion = 50;
	objects = {

/* Begin PBXBuildFile section */
		4C068A962117C46300E42BE0 /* AppDelegate.swift in Sources */ = {isa = PBXBuildFile; fileRef = 4C068A952117C46300E42BE0 /* AppDelegate.swift */; };
		4C068A982117C46300E42BE0 /* MasterViewController.swift in Sources */ = {isa = PBXBuildFile; fileRef = 4C068A972117C46300E42BE0 /* MasterViewController.swift */; };
		4C068A9A2117C46300E42BE0 /* DetailViewController.swift in Sources */ = {isa = PBXBuildFile; fileRef = 4C068A992117C46300E42BE0 /* DetailViewController.swift */; };
		4C068A9D2117C46300E42BE0 /* Main.storyboard in Resources */ = {isa = PBXBuildFile; fileRef = 4C068A9B2117C46300E42BE0 /* Main.storyboard */; };
		4C068A9F2117C46E00E42BE0 /* Assets.xcassets in Resources */ = {isa = PBXBuildFile; fileRef = 4C068A9E2117C46E00E42BE0 /* Assets.xcassets */; };
		4C068AA22117C46E00E42BE0 /* LaunchScreen.storyboard in Resources */ = {isa = PBXBuildFile; fileRef = 4C068AA02117C46E00E42BE0 /* LaunchScreen.storyboard */; };
		4C068AAD2117C46E00E42BE0 /* iOS_PinyinFlashcardsTests.swift in Sources */ = {isa = PBXBuildFile; fileRef = 4C068AAC2117C46E00E42BE0 /* iOS_PinyinFlashcardsTests.swift */; };
		4C068AB82117C46E00E42BE0 /* iOS_PinyinFlashcardsUITests.swift in Sources */ = {isa = PBXBuildFile; fileRef = 4C068AB72117C46E00E42BE0 /* iOS_PinyinFlashcardsUITests.swift */; };
		4C068AD72127C33400E42BE0 /* Vocab6.numbers in Resources */ = {isa = PBXBuildFile; fileRef = 4C068ACB2127C33300E42BE0 /* Vocab6.numbers */; };
		4C068AD82127C33400E42BE0 /* Vocab6.csv in Resources */ = {isa = PBXBuildFile; fileRef = 4C068ACC2127C33300E42BE0 /* Vocab6.csv */; };
		4C068AD92127C33400E42BE0 /* Vocab3.csv in Resources */ = {isa = PBXBuildFile; fileRef = 4C068ACD2127C33300E42BE0 /* Vocab3.csv */; };
		4C068ADA2127C33400E42BE0 /* Vocab5.numbers in Resources */ = {isa = PBXBuildFile; fileRef = 4C068ACE2127C33300E42BE0 /* Vocab5.numbers */; };
		4C068ADB2127C33400E42BE0 /* Vocab4.csv in Resources */ = {isa = PBXBuildFile; fileRef = 4C068ACF2127C33300E42BE0 /* Vocab4.csv */; };
		4C068ADC2127C33400E42BE0 /* Vocab5.csv in Resources */ = {isa = PBXBuildFile; fileRef = 4C068AD02127C33300E42BE0 /* Vocab5.csv */; };
		4C068ADD2127C33400E42BE0 /* Vocab3.numbers in Resources */ = {isa = PBXBuildFile; fileRef = 4C068AD12127C33300E42BE0 /* Vocab3.numbers */; };
		4C068ADE2127C33400E42BE0 /* Vocab1.csv in Resources */ = {isa = PBXBuildFile; fileRef = 4C068AD22127C33400E42BE0 /* Vocab1.csv */; };
		4C068ADF2127C33400E42BE0 /* Vocab2.numbers in Resources */ = {isa = PBXBuildFile; fileRef = 4C068AD32127C33400E42BE0 /* Vocab2.numbers */; };
		4C068AE02127C33400E42BE0 /* Vocab2.csv in Resources */ = {isa = PBXBuildFile; fileRef = 4C068AD42127C33400E42BE0 /* Vocab2.csv */; };
		4C068AE12127C33400E42BE0 /* Vocab1.numbers in Resources */ = {isa = PBXBuildFile; fileRef = 4C068AD52127C33400E42BE0 /* Vocab1.numbers */; };
		4C068AE22127C33400E42BE0 /* Vocab4.numbers in Resources */ = {isa = PBXBuildFile; fileRef = 4C068AD62127C33400E42BE0 /* Vocab4.numbers */; };
/* End PBXBuildFile section */

/* Begin PBXContainerItemProxy section */
		4C068AA92117C46E00E42BE0 /* PBXContainerItemProxy */ = {
			isa = PBXContainerItemProxy;
			containerPortal = 4C068A8A2117C46200E42BE0 /* Project object */;
			proxyType = 1;
			remoteGlobalIDString = 4C068A912117C46300E42BE0;
			remoteInfo = iOS_PinyinFlashcards;
		};
		4C068AB42117C46E00E42BE0 /* PBXContainerItemProxy */ = {
			isa = PBXContainerItemProxy;
			containerPortal = 4C068A8A2117C46200E42BE0 /* Project object */;
			proxyType = 1;
			remoteGlobalIDString = 4C068A912117C46300E42BE0;
			remoteInfo = iOS_PinyinFlashcards;
		};
/* End PBXContainerItemProxy section */

/* Begin PBXFileReference section */
		4C068A922117C46300E42BE0 /* iOS_PinyinFlashcards.app */ = {isa = PBXFileReference; explicitFileType = wrapper.application; includeInIndex = 0; path = iOS_PinyinFlashcards.app; sourceTree = BUILT_PRODUCTS_DIR; };
		4C068A952117C46300E42BE0 /* AppDelegate.swift */ = {isa = PBXFileReference; lastKnownFileType = sourcecode.swift; path = AppDelegate.swift; sourceTree = "<group>"; };
		4C068A972117C46300E42BE0 /* MasterViewController.swift */ = {isa = PBXFileReference; lastKnownFileType = sourcecode.swift; path = MasterViewController.swift; sourceTree = "<group>"; };
		4C068A992117C46300E42BE0 /* DetailViewController.swift */ = {isa = PBXFileReference; lastKnownFileType = sourcecode.swift; path = DetailViewController.swift; sourceTree = "<group>"; };
		4C068A9C2117C46300E42BE0 /* Base */ = {isa = PBXFileReference; lastKnownFileType = file.storyboard; name = Base; path = Base.lproj/Main.storyboard; sourceTree = "<group>"; };
		4C068A9E2117C46E00E42BE0 /* Assets.xcassets */ = {isa = PBXFileReference; lastKnownFileType = folder.assetcatalog; path = Assets.xcassets; sourceTree = "<group>"; };
		4C068AA12117C46E00E42BE0 /* Base */ = {isa = PBXFileReference; lastKnownFileType = file.storyboard; name = Base; path = Base.lproj/LaunchScreen.storyboard; sourceTree = "<group>"; };
		4C068AA32117C46E00E42BE0 /* Info.plist */ = {isa = PBXFileReference; lastKnownFileType = text.plist.xml; path = Info.plist; sourceTree = "<group>"; };
		4C068AA82117C46E00E42BE0 /* iOS_PinyinFlashcardsTests.xctest */ = {isa = PBXFileReference; explicitFileType = wrapper.cfbundle; includeInIndex = 0; path = iOS_PinyinFlashcardsTests.xctest; sourceTree = BUILT_PRODUCTS_DIR; };
		4C068AAC2117C46E00E42BE0 /* iOS_PinyinFlashcardsTests.swift */ = {isa = PBXFileReference; lastKnownFileType = sourcecode.swift; path = iOS_PinyinFlashcardsTests.swift; sourceTree = "<group>"; };
		4C068AAE2117C46E00E42BE0 /* Info.plist */ = {isa = PBXFileReference; lastKnownFileType = text.plist.xml; path = Info.plist; sourceTree = "<group>"; };
		4C068AB32117C46E00E42BE0 /* iOS_PinyinFlashcardsUITests.xctest */ = {isa = PBXFileReference; explicitFileType = wrapper.cfbundle; includeInIndex = 0; path = iOS_PinyinFlashcardsUITests.xctest; sourceTree = BUILT_PRODUCTS_DIR; };
		4C068AB72117C46E00E42BE0 /* iOS_PinyinFlashcardsUITests.swift */ = {isa = PBXFileReference; lastKnownFileType = sourcecode.swift; path = iOS_PinyinFlashcardsUITests.swift; sourceTree = "<group>"; };
		4C068AB92117C46E00E42BE0 /* Info.plist */ = {isa = PBXFileReference; lastKnownFileType = text.plist.xml; path = Info.plist; sourceTree = "<group>"; };
		4C068ACB2127C33300E42BE0 /* Vocab6.numbers */ = {isa = PBXFileReference; lastKnownFileType = file; path = Vocab6.numbers; sourceTree = SOURCE_ROOT; };
		4C068ACC2127C33300E42BE0 /* Vocab6.csv */ = {isa = PBXFileReference; fileEncoding = 4; lastKnownFileType = text; path = Vocab6.csv; sourceTree = SOURCE_ROOT; };
		4C068ACD2127C33300E42BE0 /* Vocab3.csv */ = {isa = PBXFileReference; fileEncoding = 4; lastKnownFileType = text; path = Vocab3.csv; sourceTree = SOURCE_ROOT; };
		4C068ACE2127C33300E42BE0 /* Vocab5.numbers */ = {isa = PBXFileReference; lastKnownFileType = file; path = Vocab5.numbers; sourceTree = SOURCE_ROOT; };
		4C068ACF2127C33300E42BE0 /* Vocab4.csv */ = {isa = PBXFileReference; fileEncoding = 4; lastKnownFileType = text; path = Vocab4.csv; sourceTree = SOURCE_ROOT; };
		4C068AD02127C33300E42BE0 /* Vocab5.csv */ = {isa = PBXFileReference; fileEncoding = 4; lastKnownFileType = text; path = Vocab5.csv; sourceTree = SOURCE_ROOT; };
		4C068AD12127C33300E42BE0 /* Vocab3.numbers */ = {isa = PBXFileReference; lastKnownFileType = file; path = Vocab3.numbers; sourceTree = SOURCE_ROOT; };
		4C068AD22127C33400E42BE0 /* Vocab1.csv */ = {isa = PBXFileReference; fileEncoding = 4; lastKnownFileType = text; path = Vocab1.csv; sourceTree = SOURCE_ROOT; };
		4C068AD32127C33400E42BE0 /* Vocab2.numbers */ = {isa = PBXFileReference; lastKnownFileType = file; path = Vocab2.numbers; sourceTree = SOURCE_ROOT; };
		4C068AD42127C33400E42BE0 /* Vocab2.csv */ = {isa = PBXFileReference; fileEncoding = 4; lastKnownFileType = text; path = Vocab2.csv; sourceTree = SOURCE_ROOT; };
		4C068AD52127C33400E42BE0 /* Vocab1.numbers */ = {isa = PBXFileReference; lastKnownFileType = file; path = Vocab1.numbers; sourceTree = SOURCE_ROOT; };
		4C068AD62127C33400E42BE0 /* Vocab4.numbers */ = {isa = PBXFileReference; lastKnownFileType = file; path = Vocab4.numbers; sourceTree = SOURCE_ROOT; };
/* End PBXFileReference section */

/* Begin PBXFrameworksBuildPhase section */
		4C068A8F2117C46300E42BE0 /* Frameworks */ = {
			isa = PBXFrameworksBuildPhase;
			buildActionMask = 2147483647;
			files = (
			);
			runOnlyForDeploymentPostprocessing = 0;
		};
		4C068AA52117C46E00E42BE0 /* Frameworks */ = {
			isa = PBXFrameworksBuildPhase;
			buildActionMask = 2147483647;
			files = (
			);
			runOnlyForDeploymentPostprocessing = 0;
		};
		4C068AB02117C46E00E42BE0 /* Frameworks */ = {
			isa = PBXFrameworksBuildPhase;
			buildActionMask = 2147483647;
			files = (
			);
			runOnlyForDeploymentPostprocessing = 0;
		};
/* End PBXFrameworksBuildPhase section */

/* Begin PBXGroup section */
		4C068A892117C46200E42BE0 = {
			isa = PBXGroup;
			children = (
				4C068A942117C46300E42BE0 /* iOS_PinyinFlashcards */,
				4C068AAB2117C46E00E42BE0 /* iOS_PinyinFlashcardsTests */,
				4C068AB62117C46E00E42BE0 /* iOS_PinyinFlashcardsUITests */,
				4C068A932117C46300E42BE0 /* Products */,
			);
			sourceTree = "<group>";
		};
		4C068A932117C46300E42BE0 /* Products */ = {
			isa = PBXGroup;
			children = (
				4C068A922117C46300E42BE0 /* iOS_PinyinFlashcards.app */,
				4C068AA82117C46E00E42BE0 /* iOS_PinyinFlashcardsTests.xctest */,
				4C068AB32117C46E00E42BE0 /* iOS_PinyinFlashcardsUITests.xctest */,
			);
			name = Products;
			sourceTree = "<group>";
		};
		4C068A942117C46300E42BE0 /* iOS_PinyinFlashcards */ = {
			isa = PBXGroup;
			children = (
				4C068A952117C46300E42BE0 /* AppDelegate.swift */,
				4C068A972117C46300E42BE0 /* MasterViewController.swift */,
				4C068A992117C46300E42BE0 /* DetailViewController.swift */,
				4C068AD22127C33400E42BE0 /* Vocab1.csv */,
				4C068AD52127C33400E42BE0 /* Vocab1.numbers */,
				4C068AD42127C33400E42BE0 /* Vocab2.csv */,
				4C068AD32127C33400E42BE0 /* Vocab2.numbers */,
				4C068ACD2127C33300E42BE0 /* Vocab3.csv */,
				4C068AD12127C33300E42BE0 /* Vocab3.numbers */,
				4C068ACF2127C33300E42BE0 /* Vocab4.csv */,
				4C068AD62127C33400E42BE0 /* Vocab4.numbers */,
				4C068AD02127C33300E42BE0 /* Vocab5.csv */,
				4C068ACE2127C33300E42BE0 /* Vocab5.numbers */,
				4C068ACC2127C33300E42BE0 /* Vocab6.csv */,
				4C068ACB2127C33300E42BE0 /* Vocab6.numbers */,
				4C068A9B2117C46300E42BE0 /* Main.storyboard */,
				4C068A9E2117C46E00E42BE0 /* Assets.xcassets */,
				4C068AA02117C46E00E42BE0 /* LaunchScreen.storyboard */,
				4C068AA32117C46E00E42BE0 /* Info.plist */,
			);
			path = iOS_PinyinFlashcards;
			sourceTree = "<group>";
		};
		4C068AAB2117C46E00E42BE0 /* iOS_PinyinFlashcardsTests */ = {
			isa = PBXGroup;
			children = (
				4C068AAC2117C46E00E42BE0 /* iOS_PinyinFlashcardsTests.swift */,
				4C068AAE2117C46E00E42BE0 /* Info.plist */,
			);
			path = iOS_PinyinFlashcardsTests;
			sourceTree = "<group>";
		};
		4C068AB62117C46E00E42BE0 /* iOS_PinyinFlashcardsUITests */ = {
			isa = PBXGroup;
			children = (
				4C068AB72117C46E00E42BE0 /* iOS_PinyinFlashcardsUITests.swift */,
				4C068AB92117C46E00E42BE0 /* Info.plist */,
			);
			path = iOS_PinyinFlashcardsUITests;
			sourceTree = "<group>";
		};
/* End PBXGroup section */

/* Begin PBXNativeTarget section */
		4C068A912117C46300E42BE0 /* iOS_PinyinFlashcards */ = {
			isa = PBXNativeTarget;
			buildConfigurationList = 4C068ABC2117C46E00E42BE0 /* Build configuration list for PBXNativeTarget "iOS_PinyinFlashcards" */;
			buildPhases = (
				4C068A8E2117C46300E42BE0 /* Sources */,
				4C068A8F2117C46300E42BE0 /* Frameworks */,
				4C068A902117C46300E42BE0 /* Resources */,
			);
			buildRules = (
			);
			dependencies = (
			);
			name = iOS_PinyinFlashcards;
			productName = iOS_PinyinFlashcards;
			productReference = 4C068A922117C46300E42BE0 /* iOS_PinyinFlashcards.app */;
			productType = "com.apple.product-type.application";
		};
		4C068AA72117C46E00E42BE0 /* iOS_PinyinFlashcardsTests */ = {
			isa = PBXNativeTarget;
			buildConfigurationList = 4C068ABF2117C46F00E42BE0 /* Build configuration list for PBXNativeTarget "iOS_PinyinFlashcardsTests" */;
			buildPhases = (
				4C068AA42117C46E00E42BE0 /* Sources */,
				4C068AA52117C46E00E42BE0 /* Frameworks */,
				4C068AA62117C46E00E42BE0 /* Resources */,
			);
			buildRules = (
			);
			dependencies = (
				4C068AAA2117C46E00E42BE0 /* PBXTargetDependency */,
			);
			name = iOS_PinyinFlashcardsTests;
			productName = iOS_PinyinFlashcardsTests;
			productReference = 4C068AA82117C46E00E42BE0 /* iOS_PinyinFlashcardsTests.xctest */;
			productType = "com.apple.product-type.bundle.unit-test";
		};
		4C068AB22117C46E00E42BE0 /* iOS_PinyinFlashcardsUITests */ = {
			isa = PBXNativeTarget;
			buildConfigurationList = 4C068AC22117C46F00E42BE0 /* Build configuration list for PBXNativeTarget "iOS_PinyinFlashcardsUITests" */;
			buildPhases = (
				4C068AAF2117C46E00E42BE0 /* Sources */,
				4C068AB02117C46E00E42BE0 /* Frameworks */,
				4C068AB12117C46E00E42BE0 /* Resources */,
			);
			buildRules = (
			);
			dependencies = (
				4C068AB52117C46E00E42BE0 /* PBXTargetDependency */,
			);
			name = iOS_PinyinFlashcardsUITests;
			productName = iOS_PinyinFlashcardsUITests;
			productReference = 4C068AB32117C46E00E42BE0 /* iOS_PinyinFlashcardsUITests.xctest */;
			productType = "com.apple.product-type.bundle.ui-testing";
		};
/* End PBXNativeTarget section */

/* Begin PBXProject section */
		4C068A8A2117C46200E42BE0 /* Project object */ = {
			isa = PBXProject;
			attributes = {
				LastSwiftUpdateCheck = 0940;
				LastUpgradeCheck = 0940;
				ORGANIZATIONNAME = "Michael Norris";
				TargetAttributes = {
					4C068A912117C46300E42BE0 = {
						CreatedOnToolsVersion = 9.4.1;
					};
					4C068AA72117C46E00E42BE0 = {
						CreatedOnToolsVersion = 9.4.1;
						TestTargetID = 4C068A912117C46300E42BE0;
					};
					4C068AB22117C46E00E42BE0 = {
						CreatedOnToolsVersion = 9.4.1;
						TestTargetID = 4C068A912117C46300E42BE0;
					};
				};
			};
			buildConfigurationList = 4C068A8D2117C46200E42BE0 /* Build configuration list for PBXProject "iOS_PinyinFlashcards" */;
			compatibilityVersion = "Xcode 9.3";
			developmentRegion = en;
			hasScannedForEncodings = 0;
			knownRegions = (
				en,
				Base,
			);
			mainGroup = 4C068A892117C46200E42BE0;
			productRefGroup = 4C068A932117C46300E42BE0 /* Products */;
			projectDirPath = "";
			projectRoot = "";
			targets = (
				4C068A912117C46300E42BE0 /* iOS_PinyinFlashcards */,
				4C068AA72117C46E00E42BE0 /* iOS_PinyinFlashcardsTests */,
				4C068AB22117C46E00E42BE0 /* iOS_PinyinFlashcardsUITests */,
			);
		};
/* End PBXProject section */

/* Begin PBXResourcesBuildPhase section */
		4C068A902117C46300E42BE0 /* Resources */ = {
			isa = PBXResourcesBuildPhase;
			buildActionMask = 2147483647;
			files = (
				4C068AD92127C33400E42BE0 /* Vocab3.csv in Resources */,
				4C068ADF2127C33400E42BE0 /* Vocab2.numbers in Resources */,
				4C068AA22117C46E00E42BE0 /* LaunchScreen.storyboard in Resources */,
				4C068AD72127C33400E42BE0 /* Vocab6.numbers in Resources */,
				4C068ADB2127C33400E42BE0 /* Vocab4.csv in Resources */,
				4C068ADC2127C33400E42BE0 /* Vocab5.csv in Resources */,
				4C068A9F2117C46E00E42BE0 /* Assets.xcassets in Resources */,
				4C068A9D2117C46300E42BE0 /* Main.storyboard in Resources */,
				4C068AE12127C33400E42BE0 /* Vocab1.numbers in Resources */,
				4C068ADE2127C33400E42BE0 /* Vocab1.csv in Resources */,
				4C068AD82127C33400E42BE0 /* Vocab6.csv in Resources */,
				4C068ADD2127C33400E42BE0 /* Vocab3.numbers in Resources */,
				4C068AE22127C33400E42BE0 /* Vocab4.numbers in Resources */,
				4C068AE02127C33400E42BE0 /* Vocab2.csv in Resources */,
				4C068ADA2127C33400E42BE0 /* Vocab5.numbers in Resources */,
			);
			runOnlyForDeploymentPostprocessing = 0;
		};
		4C068AA62117C46E00E42BE0 /* Resources */ = {
			isa = PBXResourcesBuildPhase;
			buildActionMask = 2147483647;
			files = (
			);
			runOnlyForDeploymentPostprocessing = 0;
		};
		4C068AB12117C46E00E42BE0 /* Resources */ = {
			isa = PBXResourcesBuildPhase;
			buildActionMask = 2147483647;
			files = (
			);
			runOnlyForDeploymentPostprocessing = 0;
		};
/* End PBXResourcesBuildPhase section */

/* Begin PBXSourcesBuildPhase section */
		4C068A8E2117C46300E42BE0 /* Sources */ = {
			isa = PBXSourcesBuildPhase;
			buildActionMask = 2147483647;
			files = (
				4C068A9A2117C46300E42BE0 /* DetailViewController.swift in Sources */,
				4C068A982117C46300E42BE0 /* MasterViewController.swift in Sources */,
				4C068A962117C46300E42BE0 /* AppDelegate.swift in Sources */,
			);
			runOnlyForDeploymentPostprocessing = 0;
		};
		4C068AA42117C46E00E42BE0 /* Sources */ = {
			isa = PBXSourcesBuildPhase;
			buildActionMask = 2147483647;
			files = (
				4C068AAD2117C46E00E42BE0 /* iOS_PinyinFlashcardsTests.swift in Sources */,
			);
			runOnlyForDeploymentPostprocessing = 0;
		};
		4C068AAF2117C46E00E42BE0 /* Sources */ = {
			isa = PBXSourcesBuildPhase;
			buildActionMask = 2147483647;
			files = (
				4C068AB82117C46E00E42BE0 /* iOS_PinyinFlashcardsUITests.swift in Sources */,
			);
			runOnlyForDeploymentPostprocessing = 0;
		};
/* End PBXSourcesBuildPhase section */

/* Begin PBXTargetDependency section */
		4C068AAA2117C46E00E42BE0 /* PBXTargetDependency */ = {
			isa = PBXTargetDependency;
			target = 4C068A912117C46300E42BE0 /* iOS_PinyinFlashcards */;
			targetProxy = 4C068AA92117C46E00E42BE0 /* PBXContainerItemProxy */;
		};
		4C068AB52117C46E00E42BE0 /* PBXTargetDependency */ = {
			isa = PBXTargetDependency;
			target = 4C068A912117C46300E42BE0 /* iOS_PinyinFlashcards */;
			targetProxy = 4C068AB42117C46E00E42BE0 /* PBXContainerItemProxy */;
		};
/* End PBXTargetDependency section */

/* Begin PBXVariantGroup section */
		4C068A9B2117C46300E42BE0 /* Main.storyboard */ = {
			isa = PBXVariantGroup;
			children = (
				4C068A9C2117C46300E42BE0 /* Base */,
			);
			name = Main.storyboard;
			sourceTree = "<group>";
		};
		4C068AA02117C46E00E42BE0 /* LaunchScreen.storyboard */ = {
			isa = PBXVariantGroup;
			children = (
				4C068AA12117C46E00E42BE0 /* Base */,
			);
			name = LaunchScreen.storyboard;
			sourceTree = "<group>";
		};
/* End PBXVariantGroup section */

/* Begin XCBuildConfiguration section */
		4C068ABA2117C46E00E42BE0 /* Debug */ = {
			isa = XCBuildConfiguration;
			buildSettings = {
				ALWAYS_SEARCH_USER_PATHS = NO;
				CLANG_ANALYZER_NONNULL = YES;
				CLANG_ANALYZER_NUMBER_OBJECT_CONVERSION = YES_AGGRESSIVE;
				CLANG_CXX_LANGUAGE_STANDARD = "gnu++14";
				CLANG_CXX_LIBRARY = "libc++";
				CLANG_ENABLE_MODULES = YES;
				CLANG_ENABLE_OBJC_ARC = YES;
				CLANG_ENABLE_OBJC_WEAK = YES;
				CLANG_WARN_BLOCK_CAPTURE_AUTORELEASING = YES;
				CLANG_WARN_BOOL_CONVERSION = YES;
				CLANG_WARN_COMMA = YES;
				CLANG_WARN_CONSTANT_CONVERSION = YES;
				CLANG_WARN_DEPRECATED_OBJC_IMPLEMENTATIONS = YES;
				CLANG_WARN_DIRECT_OBJC_ISA_USAGE = YES_ERROR;
				CLANG_WARN_DOCUMENTATION_COMMENTS = YES;
				CLANG_WARN_EMPTY_BODY = YES;
				CLANG_WARN_ENUM_CONVERSION = YES;
				CLANG_WARN_INFINITE_RECURSION = YES;
				CLANG_WARN_INT_CONVERSION = YES;
				CLANG_WARN_NON_LITERAL_NULL_CONVERSION = YES;
				CLANG_WARN_OBJC_IMPLICIT_RETAIN_SELF = YES;
				CLANG_WARN_OBJC_LITERAL_CONVERSION = YES;
				CLANG_WARN_OBJC_ROOT_CLASS = YES_ERROR;
				CLANG_WARN_RANGE_LOOP_ANALYSIS = YES;
				CLANG_WARN_STRICT_PROTOTYPES = YES;
				CLANG_WARN_SUSPICIOUS_MOVE = YES;
				CLANG_WARN_UNGUARDED_AVAILABILITY = YES_AGGRESSIVE;
				CLANG_WARN_UNREACHABLE_CODE = YES;
				CLANG_WARN__DUPLICATE_METHOD_MATCH = YES;
				CODE_SIGN_IDENTITY = "iPhone Developer";
				COPY_PHASE_STRIP = NO;
				DEBUG_INFORMATION_FORMAT = dwarf;
				ENABLE_STRICT_OBJC_MSGSEND = YES;
				ENABLE_TESTABILITY = YES;
				GCC_C_LANGUAGE_STANDARD = gnu11;
				GCC_DYNAMIC_NO_PIC = NO;
				GCC_NO_COMMON_BLOCKS = YES;
				GCC_OPTIMIZATION_LEVEL = 0;
				GCC_PREPROCESSOR_DEFINITIONS = (
					"DEBUG=1",
					"$(inherited)",
				);
				GCC_WARN_64_TO_32_BIT_CONVERSION = YES;
				GCC_WARN_ABOUT_RETURN_TYPE = YES_ERROR;
				GCC_WARN_UNDECLARED_SELECTOR = YES;
				GCC_WARN_UNINITIALIZED_AUTOS = YES_AGGRESSIVE;
				GCC_WARN_UNUSED_FUNCTION = YES;
				GCC_WARN_UNUSED_VARIABLE = YES;
				IPHONEOS_DEPLOYMENT_TARGET = 11.4;
				MTL_ENABLE_DEBUG_INFO = YES;
				ONLY_ACTIVE_ARCH = YES;
				SDKROOT = iphoneos;
				SWIFT_ACTIVE_COMPILATION_CONDITIONS = DEBUG;
				SWIFT_OPTIMIZATION_LEVEL = "-Onone";
			};
			name = Debug;
		};
		4C068ABB2117C46E00E42BE0 /* Release */ = {
			isa = XCBuildConfiguration;
			buildSettings = {
				ALWAYS_SEARCH_USER_PATHS = NO;
				CLANG_ANALYZER_NONNULL = YES;
				CLANG_ANALYZER_NUMBER_OBJECT_CONVERSION = YES_AGGRESSIVE;
				CLANG_CXX_LANGUAGE_STANDARD = "gnu++14";
				CLANG_CXX_LIBRARY = "libc++";
				CLANG_ENABLE_MODULES = YES;
				CLANG_ENABLE_OBJC_ARC = YES;
				CLANG_ENABLE_OBJC_WEAK = YES;
				CLANG_WARN_BLOCK_CAPTURE_AUTORELEASING = YES;
				CLANG_WARN_BOOL_CONVERSION = YES;
				CLANG_WARN_COMMA = YES;
				CLANG_WARN_CONSTANT_CONVERSION = YES;
				CLANG_WARN_DEPRECATED_OBJC_IMPLEMENTATIONS = YES;
				CLANG_WARN_DIRECT_OBJC_ISA_USAGE = YES_ERROR;
				CLANG_WARN_DOCUMENTATION_COMMENTS = YES;
				CLANG_WARN_EMPTY_BODY = YES;
				CLANG_WARN_ENUM_CONVERSION = YES;
				CLANG_WARN_INFINITE_RECURSION = YES;
				CLANG_WARN_INT_CONVERSION = YES;
				CLANG_WARN_NON_LITERAL_NULL_CONVERSION = YES;
				CLANG_WARN_OBJC_IMPLICIT_RETAIN_SELF = YES;
				CLANG_WARN_OBJC_LITERAL_CONVERSION = YES;
				CLANG_WARN_OBJC_ROOT_CLASS = YES_ERROR;
				CLANG_WARN_RANGE_LOOP_ANALYSIS = YES;
				CLANG_WARN_STRICT_PROTOTYPES = YES;
				CLANG_WARN_SUSPICIOUS_MOVE = YES;
				CLANG_WARN_UNGUARDED_AVAILABILITY = YES_AGGRESSIVE;
				CLANG_WARN_UNREACHABLE_CODE = YES;
				CLANG_WARN__DUPLICATE_METHOD_MATCH = YES;
				CODE_SIGN_IDENTITY = "iPhone Developer";
				COPY_PHASE_STRIP = NO;
				DEBUG_INFORMATION_FORMAT = "dwarf-with-dsym";
				ENABLE_NS_ASSERTIONS = NO;
				ENABLE_STRICT_OBJC_MSGSEND = YES;
				GCC_C_LANGUAGE_STANDARD = gnu11;
				GCC_NO_COMMON_BLOCKS = YES;
				GCC_WARN_64_TO_32_BIT_CONVERSION = YES;
				GCC_WARN_ABOUT_RETURN_TYPE = YES_ERROR;
				GCC_WARN_UNDECLARED_SELECTOR = YES;
				GCC_WARN_UNINITIALIZED_AUTOS = YES_AGGRESSIVE;
				GCC_WARN_UNUSED_FUNCTION = YES;
				GCC_WARN_UNUSED_VARIABLE = YES;
				IPHONEOS_DEPLOYMENT_TARGET = 11.4;
				MTL_ENABLE_DEBUG_INFO = NO;
				SDKROOT = iphoneos;
				SWIFT_COMPILATION_MODE = wholemodule;
				SWIFT_OPTIMIZATION_LEVEL = "-O";
				VALIDATE_PRODUCT = YES;
			};
			name = Release;
		};
		4C068ABD2117C46E00E42BE0 /* Debug */ = {
			isa = XCBuildConfiguration;
			buildSettings = {
				ASSETCATALOG_COMPILER_APPICON_NAME = AppIcon;
				CODE_SIGN_STYLE = Automatic;
				DEVELOPMENT_TEAM = PLC7RGV7D3;
				INFOPLIST_FILE = iOS_PinyinFlashcards/Info.plist;
				LD_RUNPATH_SEARCH_PATHS = (
					"$(inherited)",
					"@executable_path/Frameworks",
				);
				PRODUCT_BUNDLE_IDENTIFIER = "Temp.iOS-PinyinFlashcards";
				PRODUCT_NAME = "$(TARGET_NAME)";
				SWIFT_VERSION = 4.0;
				TARGETED_DEVICE_FAMILY = "1,2";
			};
			name = Debug;
		};
		4C068ABE2117C46E00E42BE0 /* Release */ = {
			isa = XCBuildConfiguration;
			buildSettings = {
				ASSETCATALOG_COMPILER_APPICON_NAME = AppIcon;
				CODE_SIGN_STYLE = Automatic;
				DEVELOPMENT_TEAM = PLC7RGV7D3;
				INFOPLIST_FILE = iOS_PinyinFlashcards/Info.plist;
				LD_RUNPATH_SEARCH_PATHS = (
					"$(inherited)",
					"@executable_path/Frameworks",
				);
				PRODUCT_BUNDLE_IDENTIFIER = "Temp.iOS-PinyinFlashcards";
				PRODUCT_NAME = "$(TARGET_NAME)";
				SWIFT_VERSION = 4.0;
				TARGETED_DEVICE_FAMILY = "1,2";
			};
			name = Release;
		};
		4C068AC02117C46F00E42BE0 /* Debug */ = {
			isa = XCBuildConfiguration;
			buildSettings = {
				ALWAYS_EMBED_SWIFT_STANDARD_LIBRARIES = YES;
				BUNDLE_LOADER = "$(TEST_HOST)";
				CODE_SIGN_STYLE = Automatic;
				INFOPLIST_FILE = iOS_PinyinFlashcardsTests/Info.plist;
				LD_RUNPATH_SEARCH_PATHS = (
					"$(inherited)",
					"@executable_path/Frameworks",
					"@loader_path/Frameworks",
				);
				PRODUCT_BUNDLE_IDENTIFIER = "Temp.iOS-PinyinFlashcardsTests";
				PRODUCT_NAME = "$(TARGET_NAME)";
				SWIFT_VERSION = 4.0;
				TARGETED_DEVICE_FAMILY = "1,2";
				TEST_HOST = "$(BUILT_PRODUCTS_DIR)/iOS_PinyinFlashcards.app/iOS_PinyinFlashcards";
			};
			name = Debug;
		};
		4C068AC12117C46F00E42BE0 /* Release */ = {
			isa = XCBuildConfiguration;
			buildSettings = {
				ALWAYS_EMBED_SWIFT_STANDARD_LIBRARIES = YES;
				BUNDLE_LOADER = "$(TEST_HOST)";
				CODE_SIGN_STYLE = Automatic;
				INFOPLIST_FILE = iOS_PinyinFlashcardsTests/Info.plist;
				LD_RUNPATH_SEARCH_PATHS = (
					"$(inherited)",
					"@executable_path/Frameworks",
					"@loader_path/Frameworks",
				);
				PRODUCT_BUNDLE_IDENTIFIER = "Temp.iOS-PinyinFlashcardsTests";
				PRODUCT_NAME = "$(TARGET_NAME)";
				SWIFT_VERSION = 4.0;
				TARGETED_DEVICE_FAMILY = "1,2";
				TEST_HOST = "$(BUILT_PRODUCTS_DIR)/iOS_PinyinFlashcards.app/iOS_PinyinFlashcards";
			};
			name = Release;
		};
		4C068AC32117C46F00E42BE0 /* Debug */ = {
			isa = XCBuildConfiguration;
			buildSettings = {
				ALWAYS_EMBED_SWIFT_STANDARD_LIBRARIES = YES;
				CODE_SIGN_STYLE = Automatic;
				INFOPLIST_FILE = iOS_PinyinFlashcardsUITests/Info.plist;
				LD_RUNPATH_SEARCH_PATHS = (
					"$(inherited)",
					"@executable_path/Frameworks",
					"@loader_path/Frameworks",
				);
				PRODUCT_BUNDLE_IDENTIFIER = "Temp.iOS-PinyinFlashcardsUITests";
				PRODUCT_NAME = "$(TARGET_NAME)";
				SWIFT_VERSION = 4.0;
				TARGETED_DEVICE_FAMILY = "1,2";
				TEST_TARGET_NAME = iOS_PinyinFlashcards;
			};
			name = Debug;
		};
		4C068AC42117C46F00E42BE0 /* Release */ = {
			isa = XCBuildConfiguration;
			buildSettings = {
				ALWAYS_EMBED_SWIFT_STANDARD_LIBRARIES = YES;
				CODE_SIGN_STYLE = Automatic;
				INFOPLIST_FILE = iOS_PinyinFlashcardsUITests/Info.plist;
				LD_RUNPATH_SEARCH_PATHS = (
					"$(inherited)",
					"@executable_path/Frameworks",
					"@loader_path/Frameworks",
				);
				PRODUCT_BUNDLE_IDENTIFIER = "Temp.iOS-PinyinFlashcardsUITests";
				PRODUCT_NAME = "$(TARGET_NAME)";
				SWIFT_VERSION = 4.0;
				TARGETED_DEVICE_FAMILY = "1,2";
				TEST_TARGET_NAME = iOS_PinyinFlashcards;
			};
			name = Release;
		};
/* End XCBuildConfiguration section */

/* Begin XCConfigurationList section */
		4C068A8D2117C46200E42BE0 /* Build configuration list for PBXProject "iOS_PinyinFlashcards" */ = {
			isa = XCConfigurationList;
			buildConfigurations = (
				4C068ABA2117C46E00E42BE0 /* Debug */,
				4C068ABB2117C46E00E42BE0 /* Release */,
			);
			defaultConfigurationIsVisible = 0;
			defaultConfigurationName = Release;
		};
		4C068ABC2117C46E00E42BE0 /* Build configuration list for PBXNativeTarget "iOS_PinyinFlashcards" */ = {
			isa = XCConfigurationList;
			buildConfigurations = (
				4C068ABD2117C46E00E42BE0 /* Debug */,
				4C068ABE2117C46E00E42BE0 /* Release */,
			);
			defaultConfigurationIsVisible = 0;
			defaultConfigurationName = Release;
		};
		4C068ABF2117C46F00E42BE0 /* Build configuration list for PBXNativeTarget "iOS_PinyinFlashcardsTests" */ = {
			isa = XCConfigurationList;
			buildConfigurations = (
				4C068AC02117C46F00E42BE0 /* Debug */,
				4C068AC12117C46F00E42BE0 /* Release */,
			);
			defaultConfigurationIsVisible = 0;
			defaultConfigurationName = Release;
		};
		4C068AC22117C46F00E42BE0 /* Build configuration list for PBXNativeTarget "iOS_PinyinFlashcardsUITests" */ = {
			isa = XCConfigurationList;
			buildConfigurations = (
				4C068AC32117C46F00E42BE0 /* Debug */,
				4C068AC42117C46F00E42BE0 /* Release */,
			);
			defaultConfigurationIsVisible = 0;
			defaultConfigurationName = Release;
		};
/* End XCConfigurationList section */
	};
	rootObject = 4C068A8A2117C46200E42BE0 /* Project object */;
}
